
Microsoft Visual Studio Solution File, Format Version 12.00
# Visual Studio Version 16
VisualStudioVersion = 16.0.30711.63
MinimumVisualStudioVersion = 10.0.40219.1
Project("{9A19103F-16F7-4668-BE54-9A1E7A4F7556}") = "Domain", "Domain\Domain.csproj", "{78BFA4F4-6A58-48BB-9158-AE0E833897F6}"
EndProject
Project("{9A19103F-16F7-4668-BE54-9A1E7A4F7556}") = "Data", "Data\Data.csproj", "{57A73DC2-E738-4843-9C30-5456B95A8485}"
EndProject
Project("{9A19103F-16F7-4668-BE54-9A1E7A4F7556}") = "Api", "Api\Api.csproj", "{5812CD68-2B6F-412E-9F39-1FFDF9FF5180}"
EndProject
Global
	GlobalSection(SolutionConfigurationPlatforms) = preSolution
		Debug|Any CPU = Debug|Any CPU
		Release|Any CPU = Release|Any CPU
	EndGlobalSection
	GlobalSection(ProjectConfigurationPlatforms) = postSolution
		{78BFA4F4-6A58-48BB-9158-AE0E833897F6}.Debug|Any CPU.ActiveCfg = Debug|Any CPU
		{78BFA4F4-6A58-48BB-9158-AE0E833897F6}.Debug|Any CPU.Build.0 = Debug|Any CPU
		{78BFA4F4-6A58-48BB-9158-AE0E833897F6}.Release|Any CPU.ActiveCfg = Release|Any CPU
		{78BFA4F4-6A58-48BB-9158-AE0E833897F6}.Release|Any CPU.Build.0 = Release|Any CPU
		{57A73DC2-E738-4843-9C30-5456B95A8485}.Debug|Any CPU.ActiveCfg = Debug|Any CPU
		{57A73DC2-E738-4843-9C30-5456B95A8485}.Debug|Any CPU.Build.0 = Debug|Any CPU
		{57A73DC2-E738-4843-9C30-5456B95A8485}.Release|Any CPU.ActiveCfg = Release|Any CPU
		{57A73DC2-E738-4843-9C30-5456B95A8485}.Release|Any CPU.Build.0 = Release|Any CPU
		{5812CD68-2B6F-412E-9F39-1FFDF9FF5180}.Debug|Any CPU.ActiveCfg = Debug|Any CPU
		{5812CD68-2B6F-412E-9F39-1FFDF9FF5180}.Debug|Any CPU.Build.0 = Debug|Any CPU
		{5812CD68-2B6F-412E-9F39-1FFDF9FF5180}.Release|Any CPU.ActiveCfg = Release|Any CPU
		{5812CD68-2B6F-412E-9F39-1FFDF9FF5180}.Release|Any CPU.Build.0 = Release|Any CPU
	EndGlobalSection
	GlobalSection(SolutionProperties) = preSolution
		HideSolutionNode = FALSE
	EndGlobalSection
	GlobalSection(ExtensibilityGlobals) = postSolution
		SolutionGuid = {20D75AD7-E009-4B11-8BB9-F5AC83FB4E2F}
	EndGlobalSection
EndGlobal
